
Microsoft Visual Studio Solution File, Format Version 12.00
# Visual Studio Version 17
VisualStudioVersion = 17.5.33530.505
MinimumVisualStudioVersion = 10.0.40219.1
Project("{9A19103F-16F7-4668-BE54-9A1E7A4F7556}") = "Catologs", "Catologs.csproj", "{1630707F-B088-4DF5-81AA-0C5341479237}"
EndProject
Global
	GlobalSection(SolutionConfigurationPlatforms) = preSolution
		Debug|Any CPU = Debug|Any CPU
		Release|Any CPU = Release|Any CPU
	EndGlobalSection
	GlobalSection(ProjectConfigurationPlatforms) = postSolution
		{1630707F-B088-4DF5-81AA-0C5341479237}.Debug|Any CPU.ActiveCfg = Debug|Any CPU
		{1630707F-B088-4DF5-81AA-0C5341479237}.Debug|Any CPU.Build.0 = Debug|Any CPU
		{1630707F-B088-4DF5-81AA-0C5341479237}.Release|Any CPU.ActiveCfg = Release|Any CPU
		{1630707F-B088-4DF5-81AA-0C5341479237}.Release|Any CPU.Build.0 = Release|Any CPU
	EndGlobalSection
	GlobalSection(SolutionProperties) = preSolution
		HideSolutionNode = FALSE
	EndGlobalSection
	GlobalSection(ExtensibilityGlobals) = postSolution
		SolutionGuid = {E273EA78-9EAA-4F20-A1C1-0A0995EA3471}
	EndGlobalSection
EndGlobal
